
Microsoft Visual Studio Solution File, Format Version 12.00
# Visual Studio 14
VisualStudioVersion = 14.0.25123.0
MinimumVisualStudioVersion = 10.0.40219.1
Project("{FAE04EC0-301F-11D3-BF4B-00C04F79EFBC}") = "MyLibTest", "WindowsFormsApplication1\MyLibTest.csproj", "{69A904D2-27E5-4143-A09A-34C912D43BB3}"
EndProject
Project("{FAE04EC0-301F-11D3-BF4B-00C04F79EFBC}") = "MyLib", "ClassLibrary1\MyLib.csproj", "{1BC9F0F8-DFD0-4638-ADB8-C37E59E6EBC9}"
EndProject
Project("{FAE04EC0-301F-11D3-BF4B-00C04F79EFBC}") = "IteratorWorker", "IteratorWorker\IteratorWorker.csproj", "{A718D54D-6233-4608-BEF0-0E7AA32887AD}"
EndProject
Global
	GlobalSection(SolutionConfigurationPlatforms) = preSolution
		Debug|Any CPU = Debug|Any CPU
		Release|Any CPU = Release|Any CPU
	EndGlobalSection
	GlobalSection(ProjectConfigurationPlatforms) = postSolution
		{69A904D2-27E5-4143-A09A-34C912D43BB3}.Debug|Any CPU.ActiveCfg = Debug|Any CPU
		{69A904D2-27E5-4143-A09A-34C912D43BB3}.Debug|Any CPU.Build.0 = Debug|Any CPU
		{69A904D2-27E5-4143-A09A-34C912D43BB3}.Release|Any CPU.ActiveCfg = Release|Any CPU
		{69A904D2-27E5-4143-A09A-34C912D43BB3}.Release|Any CPU.Build.0 = Release|Any CPU
		{1BC9F0F8-DFD0-4638-ADB8-C37E59E6EBC9}.Debug|Any CPU.ActiveCfg = Debug|Any CPU
		{1BC9F0F8-DFD0-4638-ADB8-C37E59E6EBC9}.Debug|Any CPU.Build.0 = Debug|Any CPU
		{1BC9F0F8-DFD0-4638-ADB8-C37E59E6EBC9}.Release|Any CPU.ActiveCfg = Release|Any CPU
		{1BC9F0F8-DFD0-4638-ADB8-C37E59E6EBC9}.Release|Any CPU.Build.0 = Release|Any CPU
		{A718D54D-6233-4608-BEF0-0E7AA32887AD}.Debug|Any CPU.ActiveCfg = Debug|Any CPU
		{A718D54D-6233-4608-BEF0-0E7AA32887AD}.Debug|Any CPU.Build.0 = Debug|Any CPU
		{A718D54D-6233-4608-BEF0-0E7AA32887AD}.Release|Any CPU.ActiveCfg = Release|Any CPU
		{A718D54D-6233-4608-BEF0-0E7AA32887AD}.Release|Any CPU.Build.0 = Release|Any CPU
	EndGlobalSection
	GlobalSection(SolutionProperties) = preSolution
		HideSolutionNode = FALSE
	EndGlobalSection
EndGlobal
