
Microsoft Visual Studio Solution File, Format Version 12.00
# Visual Studio 14
VisualStudioVersion = 14.0.24720.0
MinimumVisualStudioVersion = 10.0.40219.1
Project("{FAE04EC0-301F-11D3-BF4B-00C04F79EFBC}") = "Clients_Server", "Clients_Server\Clients_Server.csproj", "{A6E599C8-2911-4022-A88A-482D93D09A78}"
EndProject
Project("{FAE04EC0-301F-11D3-BF4B-00C04F79EFBC}") = "Server", "Server\Server.csproj", "{FAAED383-8B31-45CF-9D95-31856922331C}"
EndProject
Project("{FAE04EC0-301F-11D3-BF4B-00C04F79EFBC}") = "Client", "Client\Client.csproj", "{DE2083E5-1F76-4B2E-9AB0-A7FA0EC767F1}"
EndProject
Project("{FAE04EC0-301F-11D3-BF4B-00C04F79EFBC}") = "NetzwerkLib", "NetzwerkLib\NetzwerkLib.csproj", "{8BE04E4D-6D65-4EA0-B08A-ED3357A887FF}"
EndProject
Global
	GlobalSection(SolutionConfigurationPlatforms) = preSolution
		Debug|Any CPU = Debug|Any CPU
		Release|Any CPU = Release|Any CPU
	EndGlobalSection
	GlobalSection(ProjectConfigurationPlatforms) = postSolution
		{A6E599C8-2911-4022-A88A-482D93D09A78}.Debug|Any CPU.ActiveCfg = Debug|Any CPU
		{A6E599C8-2911-4022-A88A-482D93D09A78}.Debug|Any CPU.Build.0 = Debug|Any CPU
		{A6E599C8-2911-4022-A88A-482D93D09A78}.Release|Any CPU.ActiveCfg = Release|Any CPU
		{A6E599C8-2911-4022-A88A-482D93D09A78}.Release|Any CPU.Build.0 = Release|Any CPU
		{FAAED383-8B31-45CF-9D95-31856922331C}.Debug|Any CPU.ActiveCfg = Debug|Any CPU
		{FAAED383-8B31-45CF-9D95-31856922331C}.Debug|Any CPU.Build.0 = Debug|Any CPU
		{FAAED383-8B31-45CF-9D95-31856922331C}.Release|Any CPU.ActiveCfg = Release|Any CPU
		{FAAED383-8B31-45CF-9D95-31856922331C}.Release|Any CPU.Build.0 = Release|Any CPU
		{DE2083E5-1F76-4B2E-9AB0-A7FA0EC767F1}.Debug|Any CPU.ActiveCfg = Debug|Any CPU
		{DE2083E5-1F76-4B2E-9AB0-A7FA0EC767F1}.Debug|Any CPU.Build.0 = Debug|Any CPU
		{DE2083E5-1F76-4B2E-9AB0-A7FA0EC767F1}.Release|Any CPU.ActiveCfg = Release|Any CPU
		{DE2083E5-1F76-4B2E-9AB0-A7FA0EC767F1}.Release|Any CPU.Build.0 = Release|Any CPU
		{8BE04E4D-6D65-4EA0-B08A-ED3357A887FF}.Debug|Any CPU.ActiveCfg = Debug|Any CPU
		{8BE04E4D-6D65-4EA0-B08A-ED3357A887FF}.Debug|Any CPU.Build.0 = Debug|Any CPU
		{8BE04E4D-6D65-4EA0-B08A-ED3357A887FF}.Release|Any CPU.ActiveCfg = Release|Any CPU
		{8BE04E4D-6D65-4EA0-B08A-ED3357A887FF}.Release|Any CPU.Build.0 = Release|Any CPU
	EndGlobalSection
	GlobalSection(SolutionProperties) = preSolution
		HideSolutionNode = FALSE
	EndGlobalSection
EndGlobal
